{
  "name": "better-commit-examples",
  "version": "1.0.0",
  "lockfileVersion": 1,
  "requires": true,
  "dependencies": {
    "better-commit": {
      "version": "1.0.1",
      "resolved": "https://registry.npmjs.org/better-commit/-/better-commit-1.0.1.tgz",
      "integrity": "sha512-1jrsfmE8zMbjAFUFhd8u3412CPUBIN0t/R//MzCN/zrGa2W1xzUL10KIHtVl+D9s0OEc1CO/00uUlVNkwU0Gug==",
      "dev": true
    },
    "better-commit-prepend-branch": {
      "version": "1.0.0",
      "resolved": "https://registry.npmjs.org/better-commit-prepend-branch/-/better-commit-prepend-branch-1.0.0.tgz",
      "integrity": "sha512-tmlj4biWWDVAvBvl55HO2bjqqmA7hCsRBDUKWydeiwM0zYE1/2fsRxs/ey4ZAv+svyuwdVUwE0fbt//QMx1dRQ==",
      "dev": true
    }
  }
}
